
Microsoft Visual Studio Solution File, Format Version 12.00
# Visual Studio 15
VisualStudioVersion = 15.0.26403.7
MinimumVisualStudioVersion = 10.0.40219.1
Project("{FAE04EC0-301F-11D3-BF4B-00C04F79EFBC}") = "Listas Dobles Enlazadas", "Listas Dobles Enlazadas\Listas Dobles Enlazadas.csproj", "{FD4561C3-C697-470F-8330-E7588EC2D0EC}"
EndProject
Global
	GlobalSection(SolutionConfigurationPlatforms) = preSolution
		Debug|Any CPU = Debug|Any CPU
		Release|Any CPU = Release|Any CPU
	EndGlobalSection
	GlobalSection(ProjectConfigurationPlatforms) = postSolution
		{FD4561C3-C697-470F-8330-E7588EC2D0EC}.Debug|Any CPU.ActiveCfg = Debug|Any CPU
		{FD4561C3-C697-470F-8330-E7588EC2D0EC}.Debug|Any CPU.Build.0 = Debug|Any CPU
		{FD4561C3-C697-470F-8330-E7588EC2D0EC}.Release|Any CPU.ActiveCfg = Release|Any CPU
		{FD4561C3-C697-470F-8330-E7588EC2D0EC}.Release|Any CPU.Build.0 = Release|Any CPU
	EndGlobalSection
	GlobalSection(SolutionProperties) = preSolution
		HideSolutionNode = FALSE
	EndGlobalSection
EndGlobal
